
Microsoft Visual Studio Solution File, Format Version 12.00
# Visual Studio Version 17
VisualStudioVersion = 17.14.36414.22 d17.14
MinimumVisualStudioVersion = 10.0.40219.1
Project("{FAE04EC0-301F-11D3-BF4B-00C04F79EFBC}") = "pryAstudilloSP3", "pryAstudilloSP3\pryAstudilloSP3.csproj", "{8C55871F-A5EE-4A98-B0F7-C180BE405222}"
EndProject
Global
	GlobalSection(SolutionConfigurationPlatforms) = preSolution
		Debug|Any CPU = Debug|Any CPU
		Release|Any CPU = Release|Any CPU
	EndGlobalSection
	GlobalSection(ProjectConfigurationPlatforms) = postSolution
		{8C55871F-A5EE-4A98-B0F7-C180BE405222}.Debug|Any CPU.ActiveCfg = Debug|Any CPU
		{8C55871F-A5EE-4A98-B0F7-C180BE405222}.Debug|Any CPU.Build.0 = Debug|Any CPU
		{8C55871F-A5EE-4A98-B0F7-C180BE405222}.Release|Any CPU.ActiveCfg = Release|Any CPU
		{8C55871F-A5EE-4A98-B0F7-C180BE405222}.Release|Any CPU.Build.0 = Release|Any CPU
	EndGlobalSection
	GlobalSection(SolutionProperties) = preSolution
		HideSolutionNode = FALSE
	EndGlobalSection
	GlobalSection(ExtensibilityGlobals) = postSolution
		SolutionGuid = {07F65EED-A978-4E7E-AF84-7EBDF3B09353}
	EndGlobalSection
EndGlobal
